// !$*UTF8*$!
{
	archiveVersion = 1;
	classes = {
	};
	objectVersion = 56;
	objects = {

/* Begin PBXBuildFile section */
		3BAD4C002B79F93900E791B0 /* ActivityView.swift in Sources */ = {isa = PBXBuildFile; fileRef = 3BAD4BFF2B79F93800E791B0 /* ActivityView.swift */; };
		3BFD6DEE2B78957B00413A63 /* MainApp.swift in Sources */ = {isa = PBXBuildFile; fileRef = 3BFD6DED2B78957B00413A63 /* MainApp.swift */; };
		3BFD6DF02B78957B00413A63 /* ContentView.swift in Sources */ = {isa = PBXBuildFile; fileRef = 3BFD6DEF2B78957B00413A63 /* ContentView.swift */; };
		3BFD6DF22B78957C00413A63 /* Assets.xcassets in Resources */ = {isa = PBXBuildFile; fileRef = 3BFD6DF12B78957C00413A63 /* Assets.xcassets */; };
		3BFD6DF52B78957C00413A63 /* Preview Assets.xcassets in Resources */ = {isa = PBXBuildFile; fileRef = 3BFD6DF42B78957C00413A63 /* Preview Assets.xcassets */; };
		3BFD6E022B7897D000413A63 /* Constants.swift in Sources */ = {isa = PBXBuildFile; fileRef = 3BFD6E012B7897D000413A63 /* Constants.swift */; };
		3BFD6E042B78981B00413A63 /* APIService.swift in Sources */ = {isa = PBXBuildFile; fileRef = 3BFD6E032B78981B00413A63 /* APIService.swift */; };
		3BFD6E072B78987600413A63 /* Waifu.swift in Sources */ = {isa = PBXBuildFile; fileRef = 3BFD6E062B78987600413A63 /* Waifu.swift */; };
		3BFD6E092B789D9600413A63 /* WaifuVM.swift in Sources */ = {isa = PBXBuildFile; fileRef = 3BFD6E082B789D9600413A63 /* WaifuVM.swift */; };
		3BFD6E0D2B789FA300413A63 /* GridView.swift in Sources */ = {isa = PBXBuildFile; fileRef = 3BFD6E0C2B789FA300413A63 /* GridView.swift */; };
/* End PBXBuildFile section */

/* Begin PBXFileReference section */
		3BAD4BFE2B79F8DC00E791B0 /* Wibu-App-Info.plist */ = {isa = PBXFileReference; lastKnownFileType = text.plist; path = "Wibu-App-Info.plist"; sourceTree = SOURCE_ROOT; };
		3BAD4BFF2B79F93800E791B0 /* ActivityView.swift */ = {isa = PBXFileReference; lastKnownFileType = sourcecode.swift; path = ActivityView.swift; sourceTree = "<group>"; };
		3BFD6DEA2B78957B00413A63 /* Wibu App.app */ = {isa = PBXFileReference; explicitFileType = wrapper.application; includeInIndex = 0; path = "Wibu App.app"; sourceTree = BUILT_PRODUCTS_DIR; };
		3BFD6DED2B78957B00413A63 /* MainApp.swift */ = {isa = PBXFileReference; lastKnownFileType = sourcecode.swift; path = MainApp.swift; sourceTree = "<group>"; };
		3BFD6DEF2B78957B00413A63 /* ContentView.swift */ = {isa = PBXFileReference; lastKnownFileType = sourcecode.swift; path = ContentView.swift; sourceTree = "<group>"; };
		3BFD6DF12B78957C00413A63 /* Assets.xcassets */ = {isa = PBXFileReference; lastKnownFileType = folder.assetcatalog; path = Assets.xcassets; sourceTree = "<group>"; };
		3BFD6DF42B78957C00413A63 /* Preview Assets.xcassets */ = {isa = PBXFileReference; lastKnownFileType = folder.assetcatalog; path = "Preview Assets.xcassets"; sourceTree = "<group>"; };
		3BFD6E012B7897D000413A63 /* Constants.swift */ = {isa = PBXFileReference; lastKnownFileType = sourcecode.swift; path = Constants.swift; sourceTree = "<group>"; };
		3BFD6E032B78981B00413A63 /* APIService.swift */ = {isa = PBXFileReference; lastKnownFileType = sourcecode.swift; path = APIService.swift; sourceTree = "<group>"; };
		3BFD6E062B78987600413A63 /* Waifu.swift */ = {isa = PBXFileReference; lastKnownFileType = sourcecode.swift; path = Waifu.swift; sourceTree = "<group>"; };
		3BFD6E082B789D9600413A63 /* WaifuVM.swift */ = {isa = PBXFileReference; lastKnownFileType = sourcecode.swift; path = WaifuVM.swift; sourceTree = "<group>"; };
		3BFD6E0C2B789FA300413A63 /* GridView.swift */ = {isa = PBXFileReference; lastKnownFileType = sourcecode.swift; path = GridView.swift; sourceTree = "<group>"; };
/* End PBXFileReference section */

/* Begin PBXFrameworksBuildPhase section */
		3BFD6DE72B78957B00413A63 /* Frameworks */ = {
			isa = PBXFrameworksBuildPhase;
			buildActionMask = 2147483647;
			files = (
			);
			runOnlyForDeploymentPostprocessing = 0;
		};
/* End PBXFrameworksBuildPhase section */

/* Begin PBXGroup section */
		3BFD6DE12B78957B00413A63 = {
			isa = PBXGroup;
			children = (
				3BFD6DEC2B78957B00413A63 /* Wibu App */,
				3BFD6DEB2B78957B00413A63 /* Products */,
			);
			sourceTree = "<group>";
		};
		3BFD6DEB2B78957B00413A63 /* Products */ = {
			isa = PBXGroup;
			children = (
				3BFD6DEA2B78957B00413A63 /* Wibu App.app */,
			);
			name = Products;
			sourceTree = "<group>";
		};
		3BFD6DEC2B78957B00413A63 /* Wibu App */ = {
			isa = PBXGroup;
			children = (
				3BAD4BFE2B79F8DC00E791B0 /* Wibu-App-Info.plist */,
				3BFD6E052B78986A00413A63 /* Model */,
				3BFD6DFB2B78976E00413A63 /* Common */,
				3BFD6DFD2B78978A00413A63 /* ViewModels */,
				3BFD6DFC2B78978100413A63 /* View */,
				3BFD6DFE2B78979E00413A63 /* App */,
				3BFD6DF12B78957C00413A63 /* Assets.xcassets */,
				3BFD6DF32B78957C00413A63 /* Preview Content */,
			);
			path = "Wibu App";
			sourceTree = "<group>";
		};
		3BFD6DF32B78957C00413A63 /* Preview Content */ = {
			isa = PBXGroup;
			children = (
				3BFD6DF42B78957C00413A63 /* Preview Assets.xcassets */,
			);
			path = "Preview Content";
			sourceTree = "<group>";
		};
		3BFD6DFB2B78976E00413A63 /* Common */ = {
			isa = PBXGroup;
			children = (
				3BFD6E002B7897BA00413A63 /* Constants */,
				3BFD6DFF2B7897B000413A63 /* Services */,
			);
			path = Common;
			sourceTree = "<group>";
		};
		3BFD6DFC2B78978100413A63 /* View */ = {
			isa = PBXGroup;
			children = (
				3BFD6DEF2B78957B00413A63 /* ContentView.swift */,
				3BFD6E0C2B789FA300413A63 /* GridView.swift */,
				3BAD4BFF2B79F93800E791B0 /* ActivityView.swift */,
			);
			path = View;
			sourceTree = "<group>";
		};
		3BFD6DFD2B78978A00413A63 /* ViewModels */ = {
			isa = PBXGroup;
			children = (
				3BFD6E082B789D9600413A63 /* WaifuVM.swift */,
			);
			path = ViewModels;
			sourceTree = "<group>";
		};
		3BFD6DFE2B78979E00413A63 /* App */ = {
			isa = PBXGroup;
			children = (
				3BFD6DED2B78957B00413A63 /* MainApp.swift */,
			);
			path = App;
			sourceTree = "<group>";
		};
		3BFD6DFF2B7897B000413A63 /* Services */ = {
			isa = PBXGroup;
			children = (
				3BFD6E032B78981B00413A63 /* APIService.swift */,
			);
			path = Services;
			sourceTree = "<group>";
		};
		3BFD6E002B7897BA00413A63 /* Constants */ = {
			isa = PBXGroup;
			children = (
				3BFD6E012B7897D000413A63 /* Constants.swift */,
			);
			path = Constants;
			sourceTree = "<group>";
		};
		3BFD6E052B78986A00413A63 /* Model */ = {
			isa = PBXGroup;
			children = (
				3BFD6E062B78987600413A63 /* Waifu.swift */,
			);
			path = Model;
			sourceTree = "<group>";
		};
/* End PBXGroup section */

/* Begin PBXNativeTarget section */
		3BFD6DE92B78957B00413A63 /* Wibu App */ = {
			isa = PBXNativeTarget;
			buildConfigurationList = 3BFD6DF82B78957C00413A63 /* Build configuration list for PBXNativeTarget "Wibu App" */;
			buildPhases = (
				3BFD6DE62B78957B00413A63 /* Sources */,
				3BFD6DE72B78957B00413A63 /* Frameworks */,
				3BFD6DE82B78957B00413A63 /* Resources */,
			);
			buildRules = (
			);
			dependencies = (
			);
			name = "Wibu App";
			productName = "Wibu App";
			productReference = 3BFD6DEA2B78957B00413A63 /* Wibu App.app */;
			productType = "com.apple.product-type.application";
		};
/* End PBXNativeTarget section */

/* Begin PBXProject section */
		3BFD6DE22B78957B00413A63 /* Project object */ = {
			isa = PBXProject;
			attributes = {
				BuildIndependentTargetsInParallel = 1;
				LastSwiftUpdateCheck = 1510;
				LastUpgradeCheck = 1510;
				TargetAttributes = {
					3BFD6DE92B78957B00413A63 = {
						CreatedOnToolsVersion = 15.1;
					};
				};
			};
			buildConfigurationList = 3BFD6DE52B78957B00413A63 /* Build configuration list for PBXProject "Wibu App" */;
			compatibilityVersion = "Xcode 14.0";
			developmentRegion = en;
			hasScannedForEncodings = 0;
			knownRegions = (
				en,
				Base,
			);
			mainGroup = 3BFD6DE12B78957B00413A63;
			productRefGroup = 3BFD6DEB2B78957B00413A63 /* Products */;
			projectDirPath = "";
			projectRoot = "";
			targets = (
				3BFD6DE92B78957B00413A63 /* Wibu App */,
			);
		};
/* End PBXProject section */

/* Begin PBXResourcesBuildPhase section */
		3BFD6DE82B78957B00413A63 /* Resources */ = {
			isa = PBXResourcesBuildPhase;
			buildActionMask = 2147483647;
			files = (
				3BFD6DF52B78957C00413A63 /* Preview Assets.xcassets in Resources */,
				3BFD6DF22B78957C00413A63 /* Assets.xcassets in Resources */,
			);
			runOnlyForDeploymentPostprocessing = 0;
		};
/* End PBXResourcesBuildPhase section */

/* Begin PBXSourcesBuildPhase section */
		3BFD6DE62B78957B00413A63 /* Sources */ = {
			isa = PBXSourcesBuildPhase;
			buildActionMask = 2147483647;
			files = (
				3BFD6E072B78987600413A63 /* Waifu.swift in Sources */,
				3BFD6E092B789D9600413A63 /* WaifuVM.swift in Sources */,
				3BFD6DF02B78957B00413A63 /* ContentView.swift in Sources */,
				3BFD6E0D2B789FA300413A63 /* GridView.swift in Sources */,
				3BFD6DEE2B78957B00413A63 /* MainApp.swift in Sources */,
				3BAD4C002B79F93900E791B0 /* ActivityView.swift in Sources */,
				3BFD6E042B78981B00413A63 /* APIService.swift in Sources */,
				3BFD6E022B7897D000413A63 /* Constants.swift in Sources */,
			);
			runOnlyForDeploymentPostprocessing = 0;
		};
/* End PBXSourcesBuildPhase section */

/* Begin XCBuildConfiguration section */
		3BFD6DF62B78957C00413A63 /* Debug */ = {
			isa = XCBuildConfiguration;
			buildSettings = {
				ALWAYS_SEARCH_USER_PATHS = NO;
				ASSETCATALOG_COMPILER_GENERATE_SWIFT_ASSET_SYMBOL_EXTENSIONS = YES;
				CLANG_ANALYZER_NONNULL = YES;
				CLANG_ANALYZER_NUMBER_OBJECT_CONVERSION = YES_AGGRESSIVE;
				CLANG_CXX_LANGUAGE_STANDARD = "gnu++20";
				CLANG_ENABLE_MODULES = YES;
				CLANG_ENABLE_OBJC_ARC = YES;
				CLANG_ENABLE_OBJC_WEAK = YES;
				CLANG_WARN_BLOCK_CAPTURE_AUTORELEASING = YES;
				CLANG_WARN_BOOL_CONVERSION = YES;
				CLANG_WARN_COMMA = YES;
				CLANG_WARN_CONSTANT_CONVERSION = YES;
				CLANG_WARN_DEPRECATED_OBJC_IMPLEMENTATIONS = YES;
				CLANG_WARN_DIRECT_OBJC_ISA_USAGE = YES_ERROR;
				CLANG_WARN_DOCUMENTATION_COMMENTS = YES;
				CLANG_WARN_EMPTY_BODY = YES;
				CLANG_WARN_ENUM_CONVERSION = YES;
				CLANG_WARN_INFINITE_RECURSION = YES;
				CLANG_WARN_INT_CONVERSION = YES;
				CLANG_WARN_NON_LITERAL_NULL_CONVERSION = YES;
				CLANG_WARN_OBJC_IMPLICIT_RETAIN_SELF = YES;
				CLANG_WARN_OBJC_LITERAL_CONVERSION = YES;
				CLANG_WARN_OBJC_ROOT_CLASS = YES_ERROR;
				CLANG_WARN_QUOTED_INCLUDE_IN_FRAMEWORK_HEADER = YES;
				CLANG_WARN_RANGE_LOOP_ANALYSIS = YES;
				CLANG_WARN_STRICT_PROTOTYPES = YES;
				CLANG_WARN_SUSPICIOUS_MOVE = YES;
				CLANG_WARN_UNGUARDED_AVAILABILITY = YES_AGGRESSIVE;
				CLANG_WARN_UNREACHABLE_CODE = YES;
				CLANG_WARN__DUPLICATE_METHOD_MATCH = YES;
				COPY_PHASE_STRIP = NO;
				DEBUG_INFORMATION_FORMAT = dwarf;
				ENABLE_STRICT_OBJC_MSGSEND = YES;
				ENABLE_TESTABILITY = YES;
				ENABLE_USER_SCRIPT_SANDBOXING = YES;
				GCC_C_LANGUAGE_STANDARD = gnu17;
				GCC_DYNAMIC_NO_PIC = NO;
				GCC_NO_COMMON_BLOCKS = YES;
				GCC_OPTIMIZATION_LEVEL = 0;
				GCC_PREPROCESSOR_DEFINITIONS = (
					"DEBUG=1",
					"$(inherited)",
				);
				GCC_WARN_64_TO_32_BIT_CONVERSION = YES;
				GCC_WARN_ABOUT_RETURN_TYPE = YES_ERROR;
				GCC_WARN_UNDECLARED_SELECTOR = YES;
				GCC_WARN_UNINITIALIZED_AUTOS = YES_AGGRESSIVE;
				GCC_WARN_UNUSED_FUNCTION = YES;
				GCC_WARN_UNUSED_VARIABLE = YES;
				IPHONEOS_DEPLOYMENT_TARGET = 17.2;
				LOCALIZATION_PREFERS_STRING_CATALOGS = YES;
				MTL_ENABLE_DEBUG_INFO = INCLUDE_SOURCE;
				MTL_FAST_MATH = YES;
				ONLY_ACTIVE_ARCH = YES;
				SDKROOT = iphoneos;
				SWIFT_ACTIVE_COMPILATION_CONDITIONS = "DEBUG $(inherited)";
				SWIFT_OPTIMIZATION_LEVEL = "-Onone";
			};
			name = Debug;
		};
		3BFD6DF72B78957C00413A63 /* Release */ = {
			isa = XCBuildConfiguration;
			buildSettings = {
				ALWAYS_SEARCH_USER_PATHS = NO;
				ASSETCATALOG_COMPILER_GENERATE_SWIFT_ASSET_SYMBOL_EXTENSIONS = YES;
				CLANG_ANALYZER_NONNULL = YES;
				CLANG_ANALYZER_NUMBER_OBJECT_CONVERSION = YES_AGGRESSIVE;
				CLANG_CXX_LANGUAGE_STANDARD = "gnu++20";
				CLANG_ENABLE_MODULES = YES;
				CLANG_ENABLE_OBJC_ARC = YES;
				CLANG_ENABLE_OBJC_WEAK = YES;
				CLANG_WARN_BLOCK_CAPTURE_AUTORELEASING = YES;
				CLANG_WARN_BOOL_CONVERSION = YES;
				CLANG_WARN_COMMA = YES;
				CLANG_WARN_CONSTANT_CONVERSION = YES;
				CLANG_WARN_DEPRECATED_OBJC_IMPLEMENTATIONS = YES;
				CLANG_WARN_DIRECT_OBJC_ISA_USAGE = YES_ERROR;
				CLANG_WARN_DOCUMENTATION_COMMENTS = YES;
				CLANG_WARN_EMPTY_BODY = YES;
				CLANG_WARN_ENUM_CONVERSION = YES;
				CLANG_WARN_INFINITE_RECURSION = YES;
				CLANG_WARN_INT_CONVERSION = YES;
				CLANG_WARN_NON_LITERAL_NULL_CONVERSION = YES;
				CLANG_WARN_OBJC_IMPLICIT_RETAIN_SELF = YES;
				CLANG_WARN_OBJC_LITERAL_CONVERSION = YES;
				CLANG_WARN_OBJC_ROOT_CLASS = YES_ERROR;
				CLANG_WARN_QUOTED_INCLUDE_IN_FRAMEWORK_HEADER = YES;
				CLANG_WARN_RANGE_LOOP_ANALYSIS = YES;
				CLANG_WARN_STRICT_PROTOTYPES = YES;
				CLANG_WARN_SUSPICIOUS_MOVE = YES;
				CLANG_WARN_UNGUARDED_AVAILABILITY = YES_AGGRESSIVE;
				CLANG_WARN_UNREACHABLE_CODE = YES;
				CLANG_WARN__DUPLICATE_METHOD_MATCH = YES;
				COPY_PHASE_STRIP = NO;
				DEBUG_INFORMATION_FORMAT = "dwarf-with-dsym";
				ENABLE_NS_ASSERTIONS = NO;
				ENABLE_STRICT_OBJC_MSGSEND = YES;
				ENABLE_USER_SCRIPT_SANDBOXING = YES;
				GCC_C_LANGUAGE_STANDARD = gnu17;
				GCC_NO_COMMON_BLOCKS = YES;
				GCC_WARN_64_TO_32_BIT_CONVERSION = YES;
				GCC_WARN_ABOUT_RETURN_TYPE = YES_ERROR;
				GCC_WARN_UNDECLARED_SELECTOR = YES;
				GCC_WARN_UNINITIALIZED_AUTOS = YES_AGGRESSIVE;
				GCC_WARN_UNUSED_FUNCTION = YES;
				GCC_WARN_UNUSED_VARIABLE = YES;
				IPHONEOS_DEPLOYMENT_TARGET = 17.2;
				LOCALIZATION_PREFERS_STRING_CATALOGS = YES;
				MTL_ENABLE_DEBUG_INFO = NO;
				MTL_FAST_MATH = YES;
				SDKROOT = iphoneos;
				SWIFT_COMPILATION_MODE = wholemodule;
				VALIDATE_PRODUCT = YES;
			};
			name = Release;
		};
		3BFD6DF92B78957C00413A63 /* Debug */ = {
			isa = XCBuildConfiguration;
			buildSettings = {
				ASSETCATALOG_COMPILER_APPICON_NAME = AppIcon;
				ASSETCATALOG_COMPILER_GLOBAL_ACCENT_COLOR_NAME = AccentColor;
				CODE_SIGN_STYLE = Automatic;
				CURRENT_PROJECT_VERSION = 1;
				DEVELOPMENT_ASSET_PATHS = "\"Wibu App/Preview Content\"";
				DEVELOPMENT_TEAM = 2LV65ZKNC2;
				ENABLE_PREVIEWS = YES;
				GENERATE_INFOPLIST_FILE = YES;
				INFOPLIST_FILE = "Wibu-App-Info.plist";
				INFOPLIST_KEY_NSAppleMusicUsageDescription = "Privacy - Photo Library Usage Description";
				INFOPLIST_KEY_UIApplicationSceneManifest_Generation = YES;
				INFOPLIST_KEY_UIApplicationSupportsIndirectInputEvents = YES;
				INFOPLIST_KEY_UILaunchScreen_Generation = YES;
				INFOPLIST_KEY_UISupportedInterfaceOrientations_iPad = "UIInterfaceOrientationPortrait UIInterfaceOrientationPortraitUpsideDown UIInterfaceOrientationLandscapeLeft UIInterfaceOrientationLandscapeRight";
				INFOPLIST_KEY_UISupportedInterfaceOrientations_iPhone = "UIInterfaceOrientationPortrait UIInterfaceOrientationLandscapeLeft UIInterfaceOrientationLandscapeRight";
				LD_RUNPATH_SEARCH_PATHS = (
					"$(inherited)",
					"@executable_path/Frameworks",
				);
				MARKETING_VERSION = 1.0;
				PRODUCT_BUNDLE_IDENTIFIER = "com.adityahimaone.Wibu-App";
				PRODUCT_NAME = "$(TARGET_NAME)";
				SUPPORTED_PLATFORMS = "iphoneos iphonesimulator";
				SUPPORTS_MACCATALYST = NO;
				SUPPORTS_MAC_DESIGNED_FOR_IPHONE_IPAD = NO;
				SWIFT_EMIT_LOC_STRINGS = YES;
				SWIFT_VERSION = 5.0;
				TARGETED_DEVICE_FAMILY = 1;
			};
			name = Debug;
		};
		3BFD6DFA2B78957C00413A63 /* Release */ = {
			isa = XCBuildConfiguration;
			buildSettings = {
				ASSETCATALOG_COMPILER_APPICON_NAME = AppIcon;
				ASSETCATALOG_COMPILER_GLOBAL_ACCENT_COLOR_NAME = AccentColor;
				CODE_SIGN_STYLE = Automatic;
				CURRENT_PROJECT_VERSION = 1;
				DEVELOPMENT_ASSET_PATHS = "\"Wibu App/Preview Content\"";
				DEVELOPMENT_TEAM = 2LV65ZKNC2;
				ENABLE_PREVIEWS = YES;
				GENERATE_INFOPLIST_FILE = YES;
				INFOPLIST_FILE = "Wibu-App-Info.plist";
				INFOPLIST_KEY_NSAppleMusicUsageDescription = "Privacy - Photo Library Usage Description";
				INFOPLIST_KEY_UIApplicationSceneManifest_Generation = YES;
				INFOPLIST_KEY_UIApplicationSupportsIndirectInputEvents = YES;
				INFOPLIST_KEY_UILaunchScreen_Generation = YES;
				INFOPLIST_KEY_UISupportedInterfaceOrientations_iPad = "UIInterfaceOrientationPortrait UIInterfaceOrientationPortraitUpsideDown UIInterfaceOrientationLandscapeLeft UIInterfaceOrientationLandscapeRight";
				INFOPLIST_KEY_UISupportedInterfaceOrientations_iPhone = "UIInterfaceOrientationPortrait UIInterfaceOrientationLandscapeLeft UIInterfaceOrientationLandscapeRight";
				LD_RUNPATH_SEARCH_PATHS = (
					"$(inherited)",
					"@executable_path/Frameworks",
				);
				MARKETING_VERSION = 1.0;
				PRODUCT_BUNDLE_IDENTIFIER = "com.adityahimaone.Wibu-App";
				PRODUCT_NAME = "$(TARGET_NAME)";
				SUPPORTED_PLATFORMS = "iphoneos iphonesimulator";
				SUPPORTS_MACCATALYST = NO;
				SUPPORTS_MAC_DESIGNED_FOR_IPHONE_IPAD = NO;
				SWIFT_EMIT_LOC_STRINGS = YES;
				SWIFT_VERSION = 5.0;
				TARGETED_DEVICE_FAMILY = 1;
			};
			name = Release;
		};
/* End XCBuildConfiguration section */

/* Begin XCConfigurationList section */
		3BFD6DE52B78957B00413A63 /* Build configuration list for PBXProject "Wibu App" */ = {
			isa = XCConfigurationList;
			buildConfigurations = (
				3BFD6DF62B78957C00413A63 /* Debug */,
				3BFD6DF72B78957C00413A63 /* Release */,
			);
			defaultConfigurationIsVisible = 0;
			defaultConfigurationName = Release;
		};
		3BFD6DF82B78957C00413A63 /* Build configuration list for PBXNativeTarget "Wibu App" */ = {
			isa = XCConfigurationList;
			buildConfigurations = (
				3BFD6DF92B78957C00413A63 /* Debug */,
				3BFD6DFA2B78957C00413A63 /* Release */,
			);
			defaultConfigurationIsVisible = 0;
			defaultConfigurationName = Release;
		};
/* End XCConfigurationList section */
	};
	rootObject = 3BFD6DE22B78957B00413A63 /* Project object */;
}
